
Microsoft Visual Studio Solution File, Format Version 12.00
# Visual Studio Version 17
VisualStudioVersion = 17.2.32630.192
MinimumVisualStudioVersion = 10.0.40219.1
Project("{FAE04EC0-301F-11D3-BF4B-00C04F79EFBC}") = "PaperA_Service", "PaperA_Service\PaperA_Service.csproj", "{372B4DBC-5870-4734-9AA9-9C313F83C9AA}"
EndProject
Global
	GlobalSection(SolutionConfigurationPlatforms) = preSolution
		Debug|Any CPU = Debug|Any CPU
		Release|Any CPU = Release|Any CPU
	EndGlobalSection
	GlobalSection(ProjectConfigurationPlatforms) = postSolution
		{372B4DBC-5870-4734-9AA9-9C313F83C9AA}.Debug|Any CPU.ActiveCfg = Debug|Any CPU
		{372B4DBC-5870-4734-9AA9-9C313F83C9AA}.Debug|Any CPU.Build.0 = Debug|Any CPU
		{372B4DBC-5870-4734-9AA9-9C313F83C9AA}.Release|Any CPU.ActiveCfg = Release|Any CPU
		{372B4DBC-5870-4734-9AA9-9C313F83C9AA}.Release|Any CPU.Build.0 = Release|Any CPU
	EndGlobalSection
	GlobalSection(SolutionProperties) = preSolution
		HideSolutionNode = FALSE
	EndGlobalSection
	GlobalSection(ExtensibilityGlobals) = postSolution
		SolutionGuid = {9E14CB1E-724B-46B4-B080-DAB66F545BC0}
	EndGlobalSection
EndGlobal
